// !$*UTF8*$!
{
	archiveVersion = 1;
	classes = {
	};
	objectVersion = 55;
	objects = {

/* Begin PBXBuildFile section */
		BBD80C9C279200C8002B0AE4 /* AppDelegate.swift in Sources */ = {isa = PBXBuildFile; fileRef = BBD80C9B279200C8002B0AE4 /* AppDelegate.swift */; };
		BBD80C9E279200C8002B0AE4 /* SceneDelegate.swift in Sources */ = {isa = PBXBuildFile; fileRef = BBD80C9D279200C8002B0AE4 /* SceneDelegate.swift */; };
		BBD80CA5279200C9002B0AE4 /* Assets.xcassets in Resources */ = {isa = PBXBuildFile; fileRef = BBD80CA4279200C9002B0AE4 /* Assets.xcassets */; };
		BBD80CA8279200C9002B0AE4 /* LaunchScreen.storyboard in Resources */ = {isa = PBXBuildFile; fileRef = BBD80CA6279200C9002B0AE4 /* LaunchScreen.storyboard */; };
		BBD80CB22792018A002B0AE4 /* AppsViewController.swift in Sources */ = {isa = PBXBuildFile; fileRef = BBD80CB12792018A002B0AE4 /* AppsViewController.swift */; };
		BBD80CB4279206D7002B0AE4 /* UIColor+Extension.swift in Sources */ = {isa = PBXBuildFile; fileRef = BBD80CB3279206D7002B0AE4 /* UIColor+Extension.swift */; };
		BBD80CB727920705002B0AE4 /* AppCell.swift in Sources */ = {isa = PBXBuildFile; fileRef = BBD80CB627920705002B0AE4 /* AppCell.swift */; };
		BBD80CB927920732002B0AE4 /* UICollectionView+Extension.swift in Sources */ = {isa = PBXBuildFile; fileRef = BBD80CB827920732002B0AE4 /* UICollectionView+Extension.swift */; };
		BBD80CBC279207BA002B0AE4 /* HeroCell.swift in Sources */ = {isa = PBXBuildFile; fileRef = BBD80CBB279207BA002B0AE4 /* HeroCell.swift */; };
		BBD80CBE279207E1002B0AE4 /* Constant.swift in Sources */ = {isa = PBXBuildFile; fileRef = BBD80CBD279207E1002B0AE4 /* Constant.swift */; };
		BBD80CC227920FAC002B0AE4 /* UIFont+Extension.swift in Sources */ = {isa = PBXBuildFile; fileRef = BBD80CC127920FAC002B0AE4 /* UIFont+Extension.swift */; };
/* End PBXBuildFile section */

/* Begin PBXFileReference section */
		BBD80C98279200C8002B0AE4 /* Compositional Layout Demo.app */ = {isa = PBXFileReference; explicitFileType = wrapper.application; includeInIndex = 0; path = "Compositional Layout Demo.app"; sourceTree = BUILT_PRODUCTS_DIR; };
		BBD80C9B279200C8002B0AE4 /* AppDelegate.swift */ = {isa = PBXFileReference; lastKnownFileType = sourcecode.swift; path = AppDelegate.swift; sourceTree = "<group>"; };
		BBD80C9D279200C8002B0AE4 /* SceneDelegate.swift */ = {isa = PBXFileReference; lastKnownFileType = sourcecode.swift; path = SceneDelegate.swift; sourceTree = "<group>"; };
		BBD80CA4279200C9002B0AE4 /* Assets.xcassets */ = {isa = PBXFileReference; lastKnownFileType = folder.assetcatalog; path = Assets.xcassets; sourceTree = "<group>"; };
		BBD80CA7279200C9002B0AE4 /* Base */ = {isa = PBXFileReference; lastKnownFileType = file.storyboard; name = Base; path = Base.lproj/LaunchScreen.storyboard; sourceTree = "<group>"; };
		BBD80CA9279200C9002B0AE4 /* Info.plist */ = {isa = PBXFileReference; lastKnownFileType = text.plist.xml; path = Info.plist; sourceTree = "<group>"; };
		BBD80CB12792018A002B0AE4 /* AppsViewController.swift */ = {isa = PBXFileReference; lastKnownFileType = sourcecode.swift; path = AppsViewController.swift; sourceTree = "<group>"; };
		BBD80CB3279206D7002B0AE4 /* UIColor+Extension.swift */ = {isa = PBXFileReference; lastKnownFileType = sourcecode.swift; path = "UIColor+Extension.swift"; sourceTree = "<group>"; };
		BBD80CB627920705002B0AE4 /* AppCell.swift */ = {isa = PBXFileReference; lastKnownFileType = sourcecode.swift; path = AppCell.swift; sourceTree = "<group>"; };
		BBD80CB827920732002B0AE4 /* UICollectionView+Extension.swift */ = {isa = PBXFileReference; lastKnownFileType = sourcecode.swift; path = "UICollectionView+Extension.swift"; sourceTree = "<group>"; };
		BBD80CBB279207BA002B0AE4 /* HeroCell.swift */ = {isa = PBXFileReference; lastKnownFileType = sourcecode.swift; path = HeroCell.swift; sourceTree = "<group>"; };
		BBD80CBD279207E1002B0AE4 /* Constant.swift */ = {isa = PBXFileReference; lastKnownFileType = sourcecode.swift; path = Constant.swift; sourceTree = "<group>"; };
		BBD80CC127920FAC002B0AE4 /* UIFont+Extension.swift */ = {isa = PBXFileReference; lastKnownFileType = sourcecode.swift; path = "UIFont+Extension.swift"; sourceTree = "<group>"; };
/* End PBXFileReference section */

/* Begin PBXFrameworksBuildPhase section */
		BBD80C95279200C8002B0AE4 /* Frameworks */ = {
			isa = PBXFrameworksBuildPhase;
			buildActionMask = 2147483647;
			files = (
			);
			runOnlyForDeploymentPostprocessing = 0;
		};
/* End PBXFrameworksBuildPhase section */

/* Begin PBXGroup section */
		BBD80C8F279200C8002B0AE4 = {
			isa = PBXGroup;
			children = (
				BBD80C9A279200C8002B0AE4 /* Compositional Layout Demo */,
				BBD80C99279200C8002B0AE4 /* Products */,
			);
			sourceTree = "<group>";
		};
		BBD80C99279200C8002B0AE4 /* Products */ = {
			isa = PBXGroup;
			children = (
				BBD80C98279200C8002B0AE4 /* Compositional Layout Demo.app */,
			);
			name = Products;
			sourceTree = "<group>";
		};
		BBD80C9A279200C8002B0AE4 /* Compositional Layout Demo */ = {
			isa = PBXGroup;
			children = (
				BBD80CA9279200C9002B0AE4 /* Info.plist */,
				BBD80CC027920812002B0AE4 /* Misc */,
				BBD80CBF279207F8002B0AE4 /* Controllers */,
				BBD80CB5279206F1002B0AE4 /* Cells */,
				BBD80CBA27920751002B0AE4 /* Extensions */,
				BBD80CBD279207E1002B0AE4 /* Constant.swift */,
			);
			path = "Compositional Layout Demo";
			sourceTree = "<group>";
		};
		BBD80CB5279206F1002B0AE4 /* Cells */ = {
			isa = PBXGroup;
			children = (
				BBD80CB627920705002B0AE4 /* AppCell.swift */,
				BBD80CBB279207BA002B0AE4 /* HeroCell.swift */,
			);
			path = Cells;
			sourceTree = "<group>";
		};
		BBD80CBA27920751002B0AE4 /* Extensions */ = {
			isa = PBXGroup;
			children = (
				BBD80CB3279206D7002B0AE4 /* UIColor+Extension.swift */,
				BBD80CB827920732002B0AE4 /* UICollectionView+Extension.swift */,
				BBD80CC127920FAC002B0AE4 /* UIFont+Extension.swift */,
			);
			path = Extensions;
			sourceTree = "<group>";
		};
		BBD80CBF279207F8002B0AE4 /* Controllers */ = {
			isa = PBXGroup;
			children = (
				BBD80CB12792018A002B0AE4 /* AppsViewController.swift */,
			);
			path = Controllers;
			sourceTree = "<group>";
		};
		BBD80CC027920812002B0AE4 /* Misc */ = {
			isa = PBXGroup;
			children = (
				BBD80C9B279200C8002B0AE4 /* AppDelegate.swift */,
				BBD80C9D279200C8002B0AE4 /* SceneDelegate.swift */,
				BBD80CA4279200C9002B0AE4 /* Assets.xcassets */,
				BBD80CA6279200C9002B0AE4 /* LaunchScreen.storyboard */,
			);
			path = Misc;
			sourceTree = "<group>";
		};
/* End PBXGroup section */

/* Begin PBXNativeTarget section */
		BBD80C97279200C8002B0AE4 /* Compositional Layout Demo */ = {
			isa = PBXNativeTarget;
			buildConfigurationList = BBD80CAC279200C9002B0AE4 /* Build configuration list for PBXNativeTarget "Compositional Layout Demo" */;
			buildPhases = (
				BBD80C94279200C8002B0AE4 /* Sources */,
				BBD80C95279200C8002B0AE4 /* Frameworks */,
				BBD80C96279200C8002B0AE4 /* Resources */,
			);
			buildRules = (
			);
			dependencies = (
			);
			name = "Compositional Layout Demo";
			productName = "Compositional Layout Demo";
			productReference = BBD80C98279200C8002B0AE4 /* Compositional Layout Demo.app */;
			productType = "com.apple.product-type.application";
		};
/* End PBXNativeTarget section */

/* Begin PBXProject section */
		BBD80C90279200C8002B0AE4 /* Project object */ = {
			isa = PBXProject;
			attributes = {
				BuildIndependentTargetsInParallel = 1;
				LastSwiftUpdateCheck = 1320;
				LastUpgradeCheck = 1320;
				TargetAttributes = {
					BBD80C97279200C8002B0AE4 = {
						CreatedOnToolsVersion = 13.2.1;
					};
				};
			};
			buildConfigurationList = BBD80C93279200C8002B0AE4 /* Build configuration list for PBXProject "Compositional Layout Demo" */;
			compatibilityVersion = "Xcode 13.0";
			developmentRegion = en;
			hasScannedForEncodings = 0;
			knownRegions = (
				en,
				Base,
			);
			mainGroup = BBD80C8F279200C8002B0AE4;
			productRefGroup = BBD80C99279200C8002B0AE4 /* Products */;
			projectDirPath = "";
			projectRoot = "";
			targets = (
				BBD80C97279200C8002B0AE4 /* Compositional Layout Demo */,
			);
		};
/* End PBXProject section */

/* Begin PBXResourcesBuildPhase section */
		BBD80C96279200C8002B0AE4 /* Resources */ = {
			isa = PBXResourcesBuildPhase;
			buildActionMask = 2147483647;
			files = (
				BBD80CA8279200C9002B0AE4 /* LaunchScreen.storyboard in Resources */,
				BBD80CA5279200C9002B0AE4 /* Assets.xcassets in Resources */,
			);
			runOnlyForDeploymentPostprocessing = 0;
		};
/* End PBXResourcesBuildPhase section */

/* Begin PBXSourcesBuildPhase section */
		BBD80C94279200C8002B0AE4 /* Sources */ = {
			isa = PBXSourcesBuildPhase;
			buildActionMask = 2147483647;
			files = (
				BBD80CBC279207BA002B0AE4 /* HeroCell.swift in Sources */,
				BBD80CB927920732002B0AE4 /* UICollectionView+Extension.swift in Sources */,
				BBD80CB727920705002B0AE4 /* AppCell.swift in Sources */,
				BBD80C9C279200C8002B0AE4 /* AppDelegate.swift in Sources */,
				BBD80CB4279206D7002B0AE4 /* UIColor+Extension.swift in Sources */,
				BBD80CBE279207E1002B0AE4 /* Constant.swift in Sources */,
				BBD80CB22792018A002B0AE4 /* AppsViewController.swift in Sources */,
				BBD80C9E279200C8002B0AE4 /* SceneDelegate.swift in Sources */,
				BBD80CC227920FAC002B0AE4 /* UIFont+Extension.swift in Sources */,
			);
			runOnlyForDeploymentPostprocessing = 0;
		};
/* End PBXSourcesBuildPhase section */

/* Begin PBXVariantGroup section */
		BBD80CA6279200C9002B0AE4 /* LaunchScreen.storyboard */ = {
			isa = PBXVariantGroup;
			children = (
				BBD80CA7279200C9002B0AE4 /* Base */,
			);
			name = LaunchScreen.storyboard;
			sourceTree = "<group>";
		};
/* End PBXVariantGroup section */

/* Begin XCBuildConfiguration section */
		BBD80CAA279200C9002B0AE4 /* Debug */ = {
			isa = XCBuildConfiguration;
			buildSettings = {
				ALWAYS_SEARCH_USER_PATHS = NO;
				CLANG_ANALYZER_NONNULL = YES;
				CLANG_ANALYZER_NUMBER_OBJECT_CONVERSION = YES_AGGRESSIVE;
				CLANG_CXX_LANGUAGE_STANDARD = "gnu++17";
				CLANG_CXX_LIBRARY = "libc++";
				CLANG_ENABLE_MODULES = YES;
				CLANG_ENABLE_OBJC_ARC = YES;
				CLANG_ENABLE_OBJC_WEAK = YES;
				CLANG_WARN_BLOCK_CAPTURE_AUTORELEASING = YES;
				CLANG_WARN_BOOL_CONVERSION = YES;
				CLANG_WARN_COMMA = YES;
				CLANG_WARN_CONSTANT_CONVERSION = YES;
				CLANG_WARN_DEPRECATED_OBJC_IMPLEMENTATIONS = YES;
				CLANG_WARN_DIRECT_OBJC_ISA_USAGE = YES_ERROR;
				CLANG_WARN_DOCUMENTATION_COMMENTS = YES;
				CLANG_WARN_EMPTY_BODY = YES;
				CLANG_WARN_ENUM_CONVERSION = YES;
				CLANG_WARN_INFINITE_RECURSION = YES;
				CLANG_WARN_INT_CONVERSION = YES;
				CLANG_WARN_NON_LITERAL_NULL_CONVERSION = YES;
				CLANG_WARN_OBJC_IMPLICIT_RETAIN_SELF = YES;
				CLANG_WARN_OBJC_LITERAL_CONVERSION = YES;
				CLANG_WARN_OBJC_ROOT_CLASS = YES_ERROR;
				CLANG_WARN_QUOTED_INCLUDE_IN_FRAMEWORK_HEADER = YES;
				CLANG_WARN_RANGE_LOOP_ANALYSIS = YES;
				CLANG_WARN_STRICT_PROTOTYPES = YES;
				CLANG_WARN_SUSPICIOUS_MOVE = YES;
				CLANG_WARN_UNGUARDED_AVAILABILITY = YES_AGGRESSIVE;
				CLANG_WARN_UNREACHABLE_CODE = YES;
				CLANG_WARN__DUPLICATE_METHOD_MATCH = YES;
				COPY_PHASE_STRIP = NO;
				DEBUG_INFORMATION_FORMAT = dwarf;
				ENABLE_STRICT_OBJC_MSGSEND = YES;
				ENABLE_TESTABILITY = YES;
				GCC_C_LANGUAGE_STANDARD = gnu11;
				GCC_DYNAMIC_NO_PIC = NO;
				GCC_NO_COMMON_BLOCKS = YES;
				GCC_OPTIMIZATION_LEVEL = 0;
				GCC_PREPROCESSOR_DEFINITIONS = (
					"DEBUG=1",
					"$(inherited)",
				);
				GCC_WARN_64_TO_32_BIT_CONVERSION = YES;
				GCC_WARN_ABOUT_RETURN_TYPE = YES_ERROR;
				GCC_WARN_UNDECLARED_SELECTOR = YES;
				GCC_WARN_UNINITIALIZED_AUTOS = YES_AGGRESSIVE;
				GCC_WARN_UNUSED_FUNCTION = YES;
				GCC_WARN_UNUSED_VARIABLE = YES;
				IPHONEOS_DEPLOYMENT_TARGET = 15.2;
				MTL_ENABLE_DEBUG_INFO = INCLUDE_SOURCE;
				MTL_FAST_MATH = YES;
				ONLY_ACTIVE_ARCH = YES;
				SDKROOT = iphoneos;
				SWIFT_ACTIVE_COMPILATION_CONDITIONS = DEBUG;
				SWIFT_OPTIMIZATION_LEVEL = "-Onone";
			};
			name = Debug;
		};
		BBD80CAB279200C9002B0AE4 /* Release */ = {
			isa = XCBuildConfiguration;
			buildSettings = {
				ALWAYS_SEARCH_USER_PATHS = NO;
				CLANG_ANALYZER_NONNULL = YES;
				CLANG_ANALYZER_NUMBER_OBJECT_CONVERSION = YES_AGGRESSIVE;
				CLANG_CXX_LANGUAGE_STANDARD = "gnu++17";
				CLANG_CXX_LIBRARY = "libc++";
				CLANG_ENABLE_MODULES = YES;
				CLANG_ENABLE_OBJC_ARC = YES;
				CLANG_ENABLE_OBJC_WEAK = YES;
				CLANG_WARN_BLOCK_CAPTURE_AUTORELEASING = YES;
				CLANG_WARN_BOOL_CONVERSION = YES;
				CLANG_WARN_COMMA = YES;
				CLANG_WARN_CONSTANT_CONVERSION = YES;
				CLANG_WARN_DEPRECATED_OBJC_IMPLEMENTATIONS = YES;
				CLANG_WARN_DIRECT_OBJC_ISA_USAGE = YES_ERROR;
				CLANG_WARN_DOCUMENTATION_COMMENTS = YES;
				CLANG_WARN_EMPTY_BODY = YES;
				CLANG_WARN_ENUM_CONVERSION = YES;
				CLANG_WARN_INFINITE_RECURSION = YES;
				CLANG_WARN_INT_CONVERSION = YES;
				CLANG_WARN_NON_LITERAL_NULL_CONVERSION = YES;
				CLANG_WARN_OBJC_IMPLICIT_RETAIN_SELF = YES;
				CLANG_WARN_OBJC_LITERAL_CONVERSION = YES;
				CLANG_WARN_OBJC_ROOT_CLASS = YES_ERROR;
				CLANG_WARN_QUOTED_INCLUDE_IN_FRAMEWORK_HEADER = YES;
				CLANG_WARN_RANGE_LOOP_ANALYSIS = YES;
				CLANG_WARN_STRICT_PROTOTYPES = YES;
				CLANG_WARN_SUSPICIOUS_MOVE = YES;
				CLANG_WARN_UNGUARDED_AVAILABILITY = YES_AGGRESSIVE;
				CLANG_WARN_UNREACHABLE_CODE = YES;
				CLANG_WARN__DUPLICATE_METHOD_MATCH = YES;
				COPY_PHASE_STRIP = NO;
				DEBUG_INFORMATION_FORMAT = "dwarf-with-dsym";
				ENABLE_NS_ASSERTIONS = NO;
				ENABLE_STRICT_OBJC_MSGSEND = YES;
				GCC_C_LANGUAGE_STANDARD = gnu11;
				GCC_NO_COMMON_BLOCKS = YES;
				GCC_WARN_64_TO_32_BIT_CONVERSION = YES;
				GCC_WARN_ABOUT_RETURN_TYPE = YES_ERROR;
				GCC_WARN_UNDECLARED_SELECTOR = YES;
				GCC_WARN_UNINITIALIZED_AUTOS = YES_AGGRESSIVE;
				GCC_WARN_UNUSED_FUNCTION = YES;
				GCC_WARN_UNUSED_VARIABLE = YES;
				IPHONEOS_DEPLOYMENT_TARGET = 15.2;
				MTL_ENABLE_DEBUG_INFO = NO;
				MTL_FAST_MATH = YES;
				SDKROOT = iphoneos;
				SWIFT_COMPILATION_MODE = wholemodule;
				SWIFT_OPTIMIZATION_LEVEL = "-O";
				VALIDATE_PRODUCT = YES;
			};
			name = Release;
		};
		BBD80CAD279200C9002B0AE4 /* Debug */ = {
			isa = XCBuildConfiguration;
			buildSettings = {
				ASSETCATALOG_COMPILER_APPICON_NAME = AppIcon;
				ASSETCATALOG_COMPILER_GLOBAL_ACCENT_COLOR_NAME = AccentColor;
				CODE_SIGN_STYLE = Manual;
				CURRENT_PROJECT_VERSION = 1;
				DEVELOPMENT_TEAM = "";
				GENERATE_INFOPLIST_FILE = YES;
				INFOPLIST_FILE = "Compositional Layout Demo/Info.plist";
				INFOPLIST_KEY_UIApplicationSupportsIndirectInputEvents = YES;
				INFOPLIST_KEY_UILaunchStoryboardName = LaunchScreen;
				INFOPLIST_KEY_UISupportedInterfaceOrientations_iPad = "UIInterfaceOrientationPortrait UIInterfaceOrientationPortraitUpsideDown UIInterfaceOrientationLandscapeLeft UIInterfaceOrientationLandscapeRight";
				INFOPLIST_KEY_UISupportedInterfaceOrientations_iPhone = "UIInterfaceOrientationPortrait UIInterfaceOrientationLandscapeLeft UIInterfaceOrientationLandscapeRight";
				LD_RUNPATH_SEARCH_PATHS = (
					"$(inherited)",
					"@executable_path/Frameworks",
				);
				MARKETING_VERSION = 1.0;
				PRODUCT_BUNDLE_IDENTIFIER = com.example.app;
				PRODUCT_NAME = "$(TARGET_NAME)";
				PROVISIONING_PROFILE_SPECIFIER = "";
				SWIFT_EMIT_LOC_STRINGS = YES;
				SWIFT_VERSION = 5.0;
				TARGETED_DEVICE_FAMILY = "1,2";
			};
			name = Debug;
		};
		BBD80CAE279200C9002B0AE4 /* Release */ = {
			isa = XCBuildConfiguration;
			buildSettings = {
				ASSETCATALOG_COMPILER_APPICON_NAME = AppIcon;
				ASSETCATALOG_COMPILER_GLOBAL_ACCENT_COLOR_NAME = AccentColor;
				CODE_SIGN_STYLE = Manual;
				CURRENT_PROJECT_VERSION = 1;
				DEVELOPMENT_TEAM = "";
				GENERATE_INFOPLIST_FILE = YES;
				INFOPLIST_FILE = "Compositional Layout Demo/Info.plist";
				INFOPLIST_KEY_UIApplicationSupportsIndirectInputEvents = YES;
				INFOPLIST_KEY_UILaunchStoryboardName = LaunchScreen;
				INFOPLIST_KEY_UISupportedInterfaceOrientations_iPad = "UIInterfaceOrientationPortrait UIInterfaceOrientationPortraitUpsideDown UIInterfaceOrientationLandscapeLeft UIInterfaceOrientationLandscapeRight";
				INFOPLIST_KEY_UISupportedInterfaceOrientations_iPhone = "UIInterfaceOrientationPortrait UIInterfaceOrientationLandscapeLeft UIInterfaceOrientationLandscapeRight";
				LD_RUNPATH_SEARCH_PATHS = (
					"$(inherited)",
					"@executable_path/Frameworks",
				);
				MARKETING_VERSION = 1.0;
				PRODUCT_BUNDLE_IDENTIFIER = com.example.app;
				PRODUCT_NAME = "$(TARGET_NAME)";
				PROVISIONING_PROFILE_SPECIFIER = "";
				SWIFT_EMIT_LOC_STRINGS = YES;
				SWIFT_VERSION = 5.0;
				TARGETED_DEVICE_FAMILY = "1,2";
			};
			name = Release;
		};
/* End XCBuildConfiguration section */

/* Begin XCConfigurationList section */
		BBD80C93279200C8002B0AE4 /* Build configuration list for PBXProject "Compositional Layout Demo" */ = {
			isa = XCConfigurationList;
			buildConfigurations = (
				BBD80CAA279200C9002B0AE4 /* Debug */,
				BBD80CAB279200C9002B0AE4 /* Release */,
			);
			defaultConfigurationIsVisible = 0;
			defaultConfigurationName = Release;
		};
		BBD80CAC279200C9002B0AE4 /* Build configuration list for PBXNativeTarget "Compositional Layout Demo" */ = {
			isa = XCConfigurationList;
			buildConfigurations = (
				BBD80CAD279200C9002B0AE4 /* Debug */,
				BBD80CAE279200C9002B0AE4 /* Release */,
			);
			defaultConfigurationIsVisible = 0;
			defaultConfigurationName = Release;
		};
/* End XCConfigurationList section */
	};
	rootObject = BBD80C90279200C8002B0AE4 /* Project object */;
}
